{
  "name": "@cargoflow/confidential",
  "version": "0.1.0",
  "lockfileVersion": 3,
  "requires": true,
  "packages": {
    "": {
      "name": "@cargoflow/confidential",
      "version": "0.1.0",
      "license": "MIT",
      "devDependencies": {
        "@cofhe/foundry-plugin": "0.7.1",
        "@cofhe/mock-contracts": "0.7.1",
        "@fhenixprotocol/cofhe-contracts": "0.2.0",
        "@openzeppelin/contracts": "5.4.0",
        "forge-std": "github:foundry-rs/forge-std#v1.9.7"
      }
    },
    "node_modules/@cofhe/foundry-plugin": {
      "version": "0.7.1",
      "resolved": "https://registry.npmjs.org/@cofhe/foundry-plugin/-/foundry-plugin-0.7.1.tgz",
      "integrity": "sha512-zndDbVcl5akTdrvk7PXNJRfHLkBKQJNVV0sG2L4P9sarCMGek/S3Atc1GFq83BcSs3HEAD/UyIO4++iGV4k4Fg==",
      "dev": true,
      "license": "MIT",
      "dependencies": {
        "@cofhe/mock-contracts": "0.7.1",
        "@fhenixprotocol/cofhe-contracts": "0.2.0",
        "@openzeppelin/contracts": "5.4.0"
      }
    },
    "node_modules/@cofhe/mock-contracts": {
      "version": "0.7.1",
      "resolved": "https://registry.npmjs.org/@cofhe/mock-contracts/-/mock-contracts-0.7.1.tgz",
      "integrity": "sha512-0X7qMiwadIGjZNfLAlAUNlqTo131V6X7O2Qw+0a4J+mBmnnfPIo1NPD0oVQsRk8uu8B3rHtggQutrmD8aKKQug==",
      "dev": true,
      "license": "MIT",
      "dependencies": {
        "@fhenixprotocol/cofhe-contracts": "0.2.0",
        "@openzeppelin/contracts": "5.4.0",
        "@openzeppelin/contracts-upgradeable": "5.4.0"
      }
    },
    "node_modules/@fhenixprotocol/cofhe-contracts": {
      "version": "0.2.0",
      "resolved": "https://registry.npmjs.org/@fhenixprotocol/cofhe-contracts/-/cofhe-contracts-0.2.0.tgz",
      "integrity": "sha512-8VNnTSSG1xdZPFwQybBWX0xzOYIlL9v6QAFa35tER7ChaAJx9JUcNT2UqZQux84ZCplOkS4cCfUv/mtQ/6nEzg==",
      "dev": true,
      "hasInstallScript": true,
      "dependencies": {
        "@openzeppelin/contracts": "^5.0.0"
      }
    },
    "node_modules/@openzeppelin/contracts": {
      "version": "5.4.0",
      "resolved": "https://registry.npmjs.org/@openzeppelin/contracts/-/contracts-5.4.0.tgz",
      "integrity": "sha512-eCYgWnLg6WO+X52I16TZt8uEjbtdkgLC0SUX/xnAksjjrQI4Xfn4iBRoI5j55dmlOhDv1Y7BoR3cU7e3WWhC6A==",
      "dev": true,
      "license": "MIT"
    },
    "node_modules/@openzeppelin/contracts-upgradeable": {
      "version": "5.4.0",
      "resolved": "https://registry.npmjs.org/@openzeppelin/contracts-upgradeable/-/contracts-upgradeable-5.4.0.tgz",
      "integrity": "sha512-STJKyDzUcYuB35Zub1JpWW58JxvrFFVgQ+Ykdr8A9PGXgtq/obF5uoh07k2XmFyPxfnZdPdBdhkJ/n2YxJ87HQ==",
      "dev": true,
      "license": "MIT",
      "peerDependencies": {
        "@openzeppelin/contracts": "5.4.0"
      }
    },
    "node_modules/forge-std": {
      "version": "1.9.7",
      "resolved": "git+ssh://git@github.com/foundry-rs/forge-std.git#77041d2ce690e692d6e03cc812b57d1ddaa4d505",
      "dev": true,
      "license": "(Apache-2.0 OR MIT)"
    }
  }
}
